{
    "version": 3,
    "terraform_version": "0.11.3",
    "serial": 9,
    "lineage": "52c6b5c6-c2b1-4c42-b5b0-65e7295f6dab",
    "modules": [
        {
            "path": [
                "root"
            ],
            "outputs": {
                "aws_elb_public_dns": {
                    "sensitive": false,
                    "type": "string",
                    "value": "nginx-elb-124959739.us-west-1.elb.amazonaws.com"
                }
            },
            "resources": {
                "aws_elb.web": {
                    "type": "aws_elb",
                    "depends_on": [
                        "aws_instance.nginx1",
                        "aws_instance.nginx2",
                        "aws_security_group.elb-sg",
                        "aws_subnet.subnet1",
                        "aws_subnet.subnet2"
                    ],
                    "primary": {
                        "id": "nginx-elb",
                        "attributes": {
                            "access_logs.#": "0",
                            "arn": "arn:aws:elasticloadbalancing:us-west-1:856988855229:loadbalancer/nginx-elb",
                            "availability_zones.#": "2",
                            "availability_zones.1360892230": "us-west-1c",
                            "availability_zones.3205754986": "us-west-1a",
                            "connection_draining": "false",
                            "connection_draining_timeout": "300",
                            "cross_zone_load_balancing": "true",
                            "dns_name": "nginx-elb-124959739.us-west-1.elb.amazonaws.com",
                            "health_check.#": "1",
                            "health_check.0.healthy_threshold": "10",
                            "health_check.0.interval": "30",
                            "health_check.0.target": "TCP:80",
                            "health_check.0.timeout": "5",
                            "health_check.0.unhealthy_threshold": "2",
                            "id": "nginx-elb",
                            "idle_timeout": "60",
                            "instances.#": "2",
                            "instances.165605577": "i-0c9dea3e00d6bb6ef",
                            "instances.3276252573": "i-0c5886a1885112c4e",
                            "internal": "false",
                            "listener.#": "1",
                            "listener.3057123346.instance_port": "80",
                            "listener.3057123346.instance_protocol": "http",
                            "listener.3057123346.lb_port": "80",
                            "listener.3057123346.lb_protocol": "http",
                            "listener.3057123346.ssl_certificate_id": "",
                            "name": "nginx-elb",
                            "security_groups.#": "1",
                            "security_groups.1203720146": "sg-aa711ad3",
                            "source_security_group": "856988855229/nginx_elb_sg",
                            "source_security_group_id": "sg-aa711ad3",
                            "subnets.#": "2",
                            "subnets.1285091062": "subnet-d69adcb1",
                            "subnets.569908134": "subnet-298a1972",
                            "tags.%": "0",
                            "zone_id": "Z368ELLRRE2KJ0"
                        },
                        "meta": {},
                        "tainted": false
                    },
                    "deposed": [],
                    "provider": "provider.aws"
                },
                "aws_instance.nginx1": {
                    "type": "aws_instance",
                    "depends_on": [
                        "aws_security_group.nginx-sg",
                        "aws_subnet.subnet1"
                    ],
                    "primary": {
                        "id": "i-0c5886a1885112c4e",
                        "attributes": {
                            "ami": "ami-824c4ee2",
                            "associate_public_ip_address": "true",
                            "availability_zone": "us-west-1a",
                            "disable_api_termination": "false",
                            "ebs_block_device.#": "0",
                            "ebs_optimized": "false",
                            "ephemeral_block_device.#": "0",
                            "iam_instance_profile": "",
                            "id": "i-0c5886a1885112c4e",
                            "instance_state": "running",
                            "instance_type": "t2.micro",
                            "ipv6_addresses.#": "0",
                            "key_name": "terraform_hello_world",
                            "monitoring": "false",
                            "network_interface.#": "0",
                            "network_interface_id": "eni-eb5535c5",
                            "placement_group": "",
                            "primary_network_interface_id": "eni-eb5535c5",
                            "private_dns": "ip-10-1-0-62.us-west-1.compute.internal",
                            "private_ip": "10.1.0.62",
                            "public_dns": "",
                            "public_ip": "54.67.59.2",
                            "root_block_device.#": "1",
                            "root_block_device.0.delete_on_termination": "true",
                            "root_block_device.0.iops": "100",
                            "root_block_device.0.volume_id": "vol-0ecc1b3b77f04cbc2",
                            "root_block_device.0.volume_size": "8",
                            "root_block_device.0.volume_type": "gp2",
                            "security_groups.#": "0",
                            "source_dest_check": "true",
                            "subnet_id": "subnet-d69adcb1",
                            "tags.%": "0",
                            "tenancy": "default",
                            "volume_tags.%": "0",
                            "vpc_security_group_ids.#": "1",
                            "vpc_security_group_ids.642614242": "sg-8a7318f3"
                        },
                        "meta": {
                            "e2bfb730-ecaa-11e6-8f88-34363bc7c4c0": {
                                "create": 600000000000,
                                "delete": 1200000000000,
                                "update": 600000000000
                            },
                            "schema_version": "1"
                        },
                        "tainted": false
                    },
                    "deposed": [],
                    "provider": "provider.aws"
                },
                "aws_instance.nginx2": {
                    "type": "aws_instance",
                    "depends_on": [
                        "aws_security_group.nginx-sg",
                        "aws_subnet.subnet2"
                    ],
                    "primary": {
                        "id": "i-0c9dea3e00d6bb6ef",
                        "attributes": {
                            "ami": "ami-824c4ee2",
                            "associate_public_ip_address": "true",
                            "availability_zone": "us-west-1c",
                            "disable_api_termination": "false",
                            "ebs_block_device.#": "0",
                            "ebs_optimized": "false",
                            "ephemeral_block_device.#": "0",
                            "iam_instance_profile": "",
                            "id": "i-0c9dea3e00d6bb6ef",
                            "instance_state": "running",
                            "instance_type": "t2.micro",
                            "ipv6_addresses.#": "0",
                            "key_name": "terraform_hello_world",
                            "monitoring": "false",
                            "network_interface.#": "0",
                            "network_interface_id": "eni-df45c8da",
                            "placement_group": "",
                            "primary_network_interface_id": "eni-df45c8da",
                            "private_dns": "ip-10-1-1-79.us-west-1.compute.internal",
                            "private_ip": "10.1.1.79",
                            "public_dns": "",
                            "public_ip": "18.144.9.164",
                            "root_block_device.#": "1",
                            "root_block_device.0.delete_on_termination": "true",
                            "root_block_device.0.iops": "100",
                            "root_block_device.0.volume_id": "vol-00369d9af42642744",
                            "root_block_device.0.volume_size": "8",
                            "root_block_device.0.volume_type": "gp2",
                            "security_groups.#": "0",
                            "source_dest_check": "true",
                            "subnet_id": "subnet-298a1972",
                            "tags.%": "0",
                            "tenancy": "default",
                            "volume_tags.%": "0",
                            "vpc_security_group_ids.#": "1",
                            "vpc_security_group_ids.642614242": "sg-8a7318f3"
                        },
                        "meta": {
                            "e2bfb730-ecaa-11e6-8f88-34363bc7c4c0": {
                                "create": 600000000000,
                                "delete": 1200000000000,
                                "update": 600000000000
                            },
                            "schema_version": "1"
                        },
                        "tainted": false
                    },
                    "deposed": [],
                    "provider": "provider.aws"
                },
                "aws_internet_gateway.igw": {
                    "type": "aws_internet_gateway",
                    "depends_on": [
                        "aws_vpc.vpc"
                    ],
                    "primary": {
                        "id": "igw-2380e647",
                        "attributes": {
                            "id": "igw-2380e647",
                            "vpc_id": "vpc-b777c0d0"
                        },
                        "meta": {},
                        "tainted": false
                    },
                    "deposed": [],
                    "provider": "provider.aws"
                },
                "aws_route_table.rtb": {
                    "type": "aws_route_table",
                    "depends_on": [
                        "aws_internet_gateway.igw",
                        "aws_vpc.vpc"
                    ],
                    "primary": {
                        "id": "rtb-c4336ca3",
                        "attributes": {
                            "id": "rtb-c4336ca3",
                            "propagating_vgws.#": "0",
                            "route.#": "1",
                            "route.1458806499.cidr_block": "0.0.0.0/0",
                            "route.1458806499.egress_only_gateway_id": "",
                            "route.1458806499.gateway_id": "igw-2380e647",
                            "route.1458806499.instance_id": "",
                            "route.1458806499.ipv6_cidr_block": "",
                            "route.1458806499.nat_gateway_id": "",
                            "route.1458806499.network_interface_id": "",
                            "route.1458806499.vpc_peering_connection_id": "",
                            "tags.%": "0",
                            "vpc_id": "vpc-b777c0d0"
                        },
                        "meta": {},
                        "tainted": false
                    },
                    "deposed": [],
                    "provider": "provider.aws"
                },
                "aws_route_table_association.rta-subnet1": {
                    "type": "aws_route_table_association",
                    "depends_on": [
                        "aws_route_table.rtb",
                        "aws_subnet.subnet1"
                    ],
                    "primary": {
                        "id": "rtbassoc-9b6bfefd",
                        "attributes": {
                            "id": "rtbassoc-9b6bfefd",
                            "route_table_id": "rtb-c4336ca3",
                            "subnet_id": "subnet-d69adcb1"
                        },
                        "meta": {},
                        "tainted": false
                    },
                    "deposed": [],
                    "provider": "provider.aws"
                },
                "aws_route_table_association.rta-subnet2": {
                    "type": "aws_route_table_association",
                    "depends_on": [
                        "aws_route_table.rtb",
                        "aws_subnet.subnet2"
                    ],
                    "primary": {
                        "id": "rtbassoc-9a6efbfc",
                        "attributes": {
                            "id": "rtbassoc-9a6efbfc",
                            "route_table_id": "rtb-c4336ca3",
                            "subnet_id": "subnet-298a1972"
                        },
                        "meta": {},
                        "tainted": false
                    },
                    "deposed": [],
                    "provider": "provider.aws"
                },
                "aws_security_group.elb-sg": {
                    "type": "aws_security_group",
                    "depends_on": [
                        "aws_vpc.vpc"
                    ],
                    "primary": {
                        "id": "sg-aa711ad3",
                        "attributes": {
                            "description": "Managed by Terraform",
                            "egress.#": "1",
                            "egress.482069346.cidr_blocks.#": "1",
                            "egress.482069346.cidr_blocks.0": "0.0.0.0/0",
                            "egress.482069346.description": "",
                            "egress.482069346.from_port": "0",
                            "egress.482069346.ipv6_cidr_blocks.#": "0",
                            "egress.482069346.prefix_list_ids.#": "0",
                            "egress.482069346.protocol": "-1",
                            "egress.482069346.security_groups.#": "0",
                            "egress.482069346.self": "false",
                            "egress.482069346.to_port": "0",
                            "id": "sg-aa711ad3",
                            "ingress.#": "1",
                            "ingress.2214680975.cidr_blocks.#": "1",
                            "ingress.2214680975.cidr_blocks.0": "0.0.0.0/0",
                            "ingress.2214680975.description": "",
                            "ingress.2214680975.from_port": "80",
                            "ingress.2214680975.ipv6_cidr_blocks.#": "0",
                            "ingress.2214680975.protocol": "tcp",
                            "ingress.2214680975.security_groups.#": "0",
                            "ingress.2214680975.self": "false",
                            "ingress.2214680975.to_port": "80",
                            "name": "nginx_elb_sg",
                            "owner_id": "856988855229",
                            "revoke_rules_on_delete": "false",
                            "tags.%": "0",
                            "vpc_id": "vpc-b777c0d0"
                        },
                        "meta": {
                            "schema_version": "1"
                        },
                        "tainted": false
                    },
                    "deposed": [],
                    "provider": "provider.aws"
                },
                "aws_security_group.nginx-sg": {
                    "type": "aws_security_group",
                    "depends_on": [
                        "aws_vpc.vpc"
                    ],
                    "primary": {
                        "id": "sg-8a7318f3",
                        "attributes": {
                            "description": "Managed by Terraform",
                            "egress.#": "1",
                            "egress.482069346.cidr_blocks.#": "1",
                            "egress.482069346.cidr_blocks.0": "0.0.0.0/0",
                            "egress.482069346.description": "",
                            "egress.482069346.from_port": "0",
                            "egress.482069346.ipv6_cidr_blocks.#": "0",
                            "egress.482069346.prefix_list_ids.#": "0",
                            "egress.482069346.protocol": "-1",
                            "egress.482069346.security_groups.#": "0",
                            "egress.482069346.self": "false",
                            "egress.482069346.to_port": "0",
                            "id": "sg-8a7318f3",
                            "ingress.#": "2",
                            "ingress.2524386204.cidr_blocks.#": "1",
                            "ingress.2524386204.cidr_blocks.0": "10.1.0.0/16",
                            "ingress.2524386204.description": "",
                            "ingress.2524386204.from_port": "80",
                            "ingress.2524386204.ipv6_cidr_blocks.#": "0",
                            "ingress.2524386204.protocol": "tcp",
                            "ingress.2524386204.security_groups.#": "0",
                            "ingress.2524386204.self": "false",
                            "ingress.2524386204.to_port": "80",
                            "ingress.2541437006.cidr_blocks.#": "1",
                            "ingress.2541437006.cidr_blocks.0": "0.0.0.0/0",
                            "ingress.2541437006.description": "",
                            "ingress.2541437006.from_port": "22",
                            "ingress.2541437006.ipv6_cidr_blocks.#": "0",
                            "ingress.2541437006.protocol": "tcp",
                            "ingress.2541437006.security_groups.#": "0",
                            "ingress.2541437006.self": "false",
                            "ingress.2541437006.to_port": "22",
                            "name": "nginx_sg",
                            "owner_id": "856988855229",
                            "revoke_rules_on_delete": "false",
                            "tags.%": "0",
                            "vpc_id": "vpc-b777c0d0"
                        },
                        "meta": {
                            "schema_version": "1"
                        },
                        "tainted": false
                    },
                    "deposed": [],
                    "provider": "provider.aws"
                },
                "aws_subnet.subnet1": {
                    "type": "aws_subnet",
                    "depends_on": [
                        "aws_vpc.vpc",
                        "data.aws_availability_zones.available"
                    ],
                    "primary": {
                        "id": "subnet-d69adcb1",
                        "attributes": {
                            "assign_ipv6_address_on_creation": "false",
                            "availability_zone": "us-west-1a",
                            "cidr_block": "10.1.0.0/24",
                            "id": "subnet-d69adcb1",
                            "map_public_ip_on_launch": "true",
                            "tags.%": "0",
                            "vpc_id": "vpc-b777c0d0"
                        },
                        "meta": {
                            "schema_version": "1"
                        },
                        "tainted": false
                    },
                    "deposed": [],
                    "provider": "provider.aws"
                },
                "aws_subnet.subnet2": {
                    "type": "aws_subnet",
                    "depends_on": [
                        "aws_vpc.vpc",
                        "data.aws_availability_zones.available"
                    ],
                    "primary": {
                        "id": "subnet-298a1972",
                        "attributes": {
                            "assign_ipv6_address_on_creation": "false",
                            "availability_zone": "us-west-1c",
                            "cidr_block": "10.1.1.0/24",
                            "id": "subnet-298a1972",
                            "map_public_ip_on_launch": "true",
                            "tags.%": "0",
                            "vpc_id": "vpc-b777c0d0"
                        },
                        "meta": {
                            "schema_version": "1"
                        },
                        "tainted": false
                    },
                    "deposed": [],
                    "provider": "provider.aws"
                },
                "aws_vpc.vpc": {
                    "type": "aws_vpc",
                    "depends_on": [],
                    "primary": {
                        "id": "vpc-b777c0d0",
                        "attributes": {
                            "assign_generated_ipv6_cidr_block": "false",
                            "cidr_block": "10.1.0.0/16",
                            "default_network_acl_id": "acl-2823584f",
                            "default_route_table_id": "rtb-ec316e8b",
                            "default_security_group_id": "sg-70711a09",
                            "dhcp_options_id": "dopt-7b61361e",
                            "enable_classiclink": "false",
                            "enable_classiclink_dns_support": "false",
                            "enable_dns_hostnames": "false",
                            "enable_dns_support": "true",
                            "id": "vpc-b777c0d0",
                            "instance_tenancy": "default",
                            "main_route_table_id": "rtb-ec316e8b",
                            "tags.%": "0"
                        },
                        "meta": {
                            "schema_version": "1"
                        },
                        "tainted": false
                    },
                    "deposed": [],
                    "provider": "provider.aws"
                },
                "data.aws_availability_zones.available": {
                    "type": "aws_availability_zones",
                    "depends_on": [],
                    "primary": {
                        "id": "2018-03-02 00:43:20.354379 +0000 UTC",
                        "attributes": {
                            "id": "2018-03-02 00:43:20.354379 +0000 UTC",
                            "names.#": "2",
                            "names.0": "us-west-1a",
                            "names.1": "us-west-1c"
                        },
                        "meta": {},
                        "tainted": false
                    },
                    "deposed": [],
                    "provider": "provider.aws"
                }
            },
            "depends_on": []
        }
    ]
}
