{
    "version": 3,
    "terraform_version": "0.11.3",
    "serial": 11,
    "lineage": "95135a4c-0671-45ad-a77e-fed8c4852f51",
    "modules": [
        {
            "path": [
                "root"
            ],
            "outputs": {
                "aws_instance_public_ip": {
                    "sensitive": false,
                    "type": "string",
                    "value": "ec2-13-57-214-229.us-west-1.compute.amazonaws.com"
                }
            },
            "resources": {
                "aws_instance.nginx": {
                    "type": "aws_instance",
                    "depends_on": [],
                    "primary": {
                        "id": "i-0bad38c9c4c2fadf5",
                        "attributes": {
                            "ami": "ami-9abbb3fa",
                            "associate_public_ip_address": "true",
                            "availability_zone": "us-west-1c",
                            "disable_api_termination": "false",
                            "ebs_block_device.#": "0",
                            "ebs_optimized": "false",
                            "ephemeral_block_device.#": "0",
                            "iam_instance_profile": "",
                            "id": "i-0bad38c9c4c2fadf5",
                            "instance_state": "running",
                            "instance_type": "t2.micro",
                            "ipv6_addresses.#": "0",
                            "key_name": "terraform_hello_world",
                            "monitoring": "false",
                            "network_interface.#": "0",
                            "network_interface_id": "eni-2068e825",
                            "placement_group": "",
                            "primary_network_interface_id": "eni-2068e825",
                            "private_dns": "ip-172-31-0-230.us-west-1.compute.internal",
                            "private_ip": "172.31.0.230",
                            "public_dns": "ec2-13-57-214-229.us-west-1.compute.amazonaws.com",
                            "public_ip": "13.57.214.229",
                            "root_block_device.#": "1",
                            "root_block_device.0.delete_on_termination": "true",
                            "root_block_device.0.iops": "100",
                            "root_block_device.0.volume_id": "vol-09d6b10855c4b5ce7",
                            "root_block_device.0.volume_size": "8",
                            "root_block_device.0.volume_type": "gp2",
                            "security_groups.#": "1",
                            "security_groups.3814588639": "default",
                            "source_dest_check": "true",
                            "subnet_id": "subnet-59846701",
                            "tags.%": "0",
                            "tenancy": "default",
                            "volume_tags.%": "0",
                            "vpc_security_group_ids.#": "1",
                            "vpc_security_group_ids.3320127742": "sg-efba978b"
                        },
                        "meta": {
                            "e2bfb730-ecaa-11e6-8f88-34363bc7c4c0": {
                                "create": 600000000000,
                                "delete": 1200000000000,
                                "update": 600000000000
                            },
                            "schema_version": "1"
                        },
                        "tainted": false
                    },
                    "deposed": [],
                    "provider": "provider.aws"
                }
            },
            "depends_on": []
        }
    ]
}
